
Microsoft Visual Studio Solution File, Format Version 12.00
# Visual Studio Version 16
VisualStudioVersion = 16.0.31624.102
MinimumVisualStudioVersion = 10.0.40219.1
Project("{FAE04EC0-301F-11D3-BF4B-00C04F79EFBC}") = "Academy.Week7.Esercitazione.WCF", "Academy.Week7.Esercitazione.WCF\Academy.Week7.Esercitazione.WCF.csproj", "{C9D77F5D-E493-4A9D-8BA8-5F899DB398DC}"
EndProject
Project("{FAE04EC0-301F-11D3-BF4B-00C04F79EFBC}") = "Academy.Week7.Esercitazione.Core", "Academy.Week7.Esercitazione.Core\Academy.Week7.Esercitazione.Core.csproj", "{2B97B2E6-58E9-4AE8-8B3F-93B0BD4B765A}"
EndProject
Project("{FAE04EC0-301F-11D3-BF4B-00C04F79EFBC}") = "Academy.Week7.Esercitazione.EF", "Academy.Week7.Esercitazione.EF\Academy.Week7.Esercitazione.EF.csproj", "{2FD137D8-C62F-4620-AAF6-90C9B1977206}"
EndProject
Global
	GlobalSection(SolutionConfigurationPlatforms) = preSolution
		Debug|Any CPU = Debug|Any CPU
		Release|Any CPU = Release|Any CPU
	EndGlobalSection
	GlobalSection(ProjectConfigurationPlatforms) = postSolution
		{C9D77F5D-E493-4A9D-8BA8-5F899DB398DC}.Debug|Any CPU.ActiveCfg = Debug|Any CPU
		{C9D77F5D-E493-4A9D-8BA8-5F899DB398DC}.Debug|Any CPU.Build.0 = Debug|Any CPU
		{C9D77F5D-E493-4A9D-8BA8-5F899DB398DC}.Release|Any CPU.ActiveCfg = Release|Any CPU
		{C9D77F5D-E493-4A9D-8BA8-5F899DB398DC}.Release|Any CPU.Build.0 = Release|Any CPU
		{2B97B2E6-58E9-4AE8-8B3F-93B0BD4B765A}.Debug|Any CPU.ActiveCfg = Debug|Any CPU
		{2B97B2E6-58E9-4AE8-8B3F-93B0BD4B765A}.Debug|Any CPU.Build.0 = Debug|Any CPU
		{2B97B2E6-58E9-4AE8-8B3F-93B0BD4B765A}.Release|Any CPU.ActiveCfg = Release|Any CPU
		{2B97B2E6-58E9-4AE8-8B3F-93B0BD4B765A}.Release|Any CPU.Build.0 = Release|Any CPU
		{2FD137D8-C62F-4620-AAF6-90C9B1977206}.Debug|Any CPU.ActiveCfg = Debug|Any CPU
		{2FD137D8-C62F-4620-AAF6-90C9B1977206}.Debug|Any CPU.Build.0 = Debug|Any CPU
		{2FD137D8-C62F-4620-AAF6-90C9B1977206}.Release|Any CPU.ActiveCfg = Release|Any CPU
		{2FD137D8-C62F-4620-AAF6-90C9B1977206}.Release|Any CPU.Build.0 = Release|Any CPU
	EndGlobalSection
	GlobalSection(SolutionProperties) = preSolution
		HideSolutionNode = FALSE
	EndGlobalSection
	GlobalSection(ExtensibilityGlobals) = postSolution
		SolutionGuid = {01DCBA91-EC0C-4792-98A0-382CE2716856}
	EndGlobalSection
EndGlobal
